
Microsoft Visual Studio Solution File, Format Version 12.00
# Visual Studio Version 17
VisualStudioVersion = 17.11.35327.3
MinimumVisualStudioVersion = 10.0.40219.1
Project("{9A19103F-16F7-4668-BE54-9A1E7A4F7556}") = "ApiHotels", "ApiHotels\ApiHotels.csproj", "{34DCD0F9-C735-4A07-A659-311D64D8C5EC}"
EndProject
Project("{9A19103F-16F7-4668-BE54-9A1E7A4F7556}") = "ApiHotels.DAL", "ApiHotels.Infrastructure\ApiHotels.DAL.csproj", "{6DE1A0EC-BA3A-4479-B54E-6BCF83559A9B}"
EndProject
Project("{FAE04EC0-301F-11D3-BF4B-00C04F79EFBC}") = "ApiHotels.BLL", "ApiHotels.BLL\ApiHotels.BLL.csproj", "{1EC38E27-FD70-4323-B0B3-55ECAA61E57B}"
EndProject
Global
	GlobalSection(SolutionConfigurationPlatforms) = preSolution
		Debug|Any CPU = Debug|Any CPU
		Release|Any CPU = Release|Any CPU
	EndGlobalSection
	GlobalSection(ProjectConfigurationPlatforms) = postSolution
		{34DCD0F9-C735-4A07-A659-311D64D8C5EC}.Debug|Any CPU.ActiveCfg = Debug|Any CPU
		{34DCD0F9-C735-4A07-A659-311D64D8C5EC}.Debug|Any CPU.Build.0 = Debug|Any CPU
		{34DCD0F9-C735-4A07-A659-311D64D8C5EC}.Release|Any CPU.ActiveCfg = Release|Any CPU
		{34DCD0F9-C735-4A07-A659-311D64D8C5EC}.Release|Any CPU.Build.0 = Release|Any CPU
		{6DE1A0EC-BA3A-4479-B54E-6BCF83559A9B}.Debug|Any CPU.ActiveCfg = Debug|Any CPU
		{6DE1A0EC-BA3A-4479-B54E-6BCF83559A9B}.Debug|Any CPU.Build.0 = Debug|Any CPU
		{6DE1A0EC-BA3A-4479-B54E-6BCF83559A9B}.Release|Any CPU.ActiveCfg = Release|Any CPU
		{6DE1A0EC-BA3A-4479-B54E-6BCF83559A9B}.Release|Any CPU.Build.0 = Release|Any CPU
		{1EC38E27-FD70-4323-B0B3-55ECAA61E57B}.Debug|Any CPU.ActiveCfg = Debug|Any CPU
		{1EC38E27-FD70-4323-B0B3-55ECAA61E57B}.Debug|Any CPU.Build.0 = Debug|Any CPU
		{1EC38E27-FD70-4323-B0B3-55ECAA61E57B}.Release|Any CPU.ActiveCfg = Release|Any CPU
		{1EC38E27-FD70-4323-B0B3-55ECAA61E57B}.Release|Any CPU.Build.0 = Release|Any CPU
	EndGlobalSection
	GlobalSection(SolutionProperties) = preSolution
		HideSolutionNode = FALSE
	EndGlobalSection
	GlobalSection(ExtensibilityGlobals) = postSolution
		SolutionGuid = {3E205A69-8C7F-47EF-8A90-EC91DFA2C964}
	EndGlobalSection
EndGlobal
